{
   "name": "mica-static-libs",
   "requires": true,
   "lockfileVersion": 1,
   "dependencies": {
      "vue-obiba-search-result": {
         "version": "git+https://github.com/epigeny/vue-obiba-search-result.git#4f0118dffee78736514c40a3a1d585a9293c3a00",
         "from": "git+https://github.com/epigeny/vue-obiba-search-result.git#master"
      }
   }
}
